// !$*UTF8*$!
{
	archiveVersion = 1;
	classes = {
	};
	objectVersion = 51;
	objects = {

/* Begin PBXBuildFile section */
		7478B4DA24B6B7D600283176 /* AppDelegate.swift in Sources */ = {isa = PBXBuildFile; fileRef = 7478B4D924B6B7D600283176 /* AppDelegate.swift */; };
		7478B4DC24B6B7D600283176 /* SceneDelegate.swift in Sources */ = {isa = PBXBuildFile; fileRef = 7478B4DB24B6B7D600283176 /* SceneDelegate.swift */; };
		7478B4DE24B6B7D600283176 /* ViewController.swift in Sources */ = {isa = PBXBuildFile; fileRef = 7478B4DD24B6B7D600283176 /* ViewController.swift */; };
		7478B4E124B6B7D600283176 /* Main.storyboard in Resources */ = {isa = PBXBuildFile; fileRef = 7478B4DF24B6B7D600283176 /* Main.storyboard */; };
		7478B4E324B6B7D900283176 /* Assets.xcassets in Resources */ = {isa = PBXBuildFile; fileRef = 7478B4E224B6B7D900283176 /* Assets.xcassets */; };
		7478B4E624B6B7D900283176 /* LaunchScreen.storyboard in Resources */ = {isa = PBXBuildFile; fileRef = 7478B4E424B6B7D900283176 /* LaunchScreen.storyboard */; };
		7478B4EE24B6C1CE00283176 /* GoogleService-Info.plist in Resources */ = {isa = PBXBuildFile; fileRef = 7478B4ED24B6C1CE00283176 /* GoogleService-Info.plist */; };
		CC583596076B89F5A0081787 /* Pods_FirebaseCrashlyticsExample.framework in Frameworks */ = {isa = PBXBuildFile; fileRef = 0B24C0B4825E0D531F797B73 /* Pods_FirebaseCrashlyticsExample.framework */; };
/* End PBXBuildFile section */

/* Begin PBXFileReference section */
		0B24C0B4825E0D531F797B73 /* Pods_FirebaseCrashlyticsExample.framework */ = {isa = PBXFileReference; explicitFileType = wrapper.framework; includeInIndex = 0; path = Pods_FirebaseCrashlyticsExample.framework; sourceTree = BUILT_PRODUCTS_DIR; };
		5223ECF856BDEB70A341E442 /* Pods-FirebaseCrashlyticsExample.release.xcconfig */ = {isa = PBXFileReference; includeInIndex = 1; lastKnownFileType = text.xcconfig; name = "Pods-FirebaseCrashlyticsExample.release.xcconfig"; path = "Target Support Files/Pods-FirebaseCrashlyticsExample/Pods-FirebaseCrashlyticsExample.release.xcconfig"; sourceTree = "<group>"; };
		7478B4D624B6B7D600283176 /* FirebaseCrashlyticsExample.app */ = {isa = PBXFileReference; explicitFileType = wrapper.application; includeInIndex = 0; path = FirebaseCrashlyticsExample.app; sourceTree = BUILT_PRODUCTS_DIR; };
		7478B4D924B6B7D600283176 /* AppDelegate.swift */ = {isa = PBXFileReference; lastKnownFileType = sourcecode.swift; path = AppDelegate.swift; sourceTree = "<group>"; };
		7478B4DB24B6B7D600283176 /* SceneDelegate.swift */ = {isa = PBXFileReference; lastKnownFileType = sourcecode.swift; path = SceneDelegate.swift; sourceTree = "<group>"; };
		7478B4DD24B6B7D600283176 /* ViewController.swift */ = {isa = PBXFileReference; lastKnownFileType = sourcecode.swift; path = ViewController.swift; sourceTree = "<group>"; };
		7478B4E024B6B7D600283176 /* Base */ = {isa = PBXFileReference; lastKnownFileType = file.storyboard; name = Base; path = Base.lproj/Main.storyboard; sourceTree = "<group>"; };
		7478B4E224B6B7D900283176 /* Assets.xcassets */ = {isa = PBXFileReference; lastKnownFileType = folder.assetcatalog; path = Assets.xcassets; sourceTree = "<group>"; };
		7478B4E524B6B7D900283176 /* Base */ = {isa = PBXFileReference; lastKnownFileType = file.storyboard; name = Base; path = Base.lproj/LaunchScreen.storyboard; sourceTree = "<group>"; };
		7478B4E724B6B7D900283176 /* Info.plist */ = {isa = PBXFileReference; lastKnownFileType = text.plist.xml; path = Info.plist; sourceTree = "<group>"; };
		7478B4ED24B6C1CE00283176 /* GoogleService-Info.plist */ = {isa = PBXFileReference; fileEncoding = 4; lastKnownFileType = text.plist.xml; path = "GoogleService-Info.plist"; sourceTree = "<group>"; };
		DA033A0A256FF49B80196DE3 /* Pods-FirebaseCrashlyticsExample.debug.xcconfig */ = {isa = PBXFileReference; includeInIndex = 1; lastKnownFileType = text.xcconfig; name = "Pods-FirebaseCrashlyticsExample.debug.xcconfig"; path = "Target Support Files/Pods-FirebaseCrashlyticsExample/Pods-FirebaseCrashlyticsExample.debug.xcconfig"; sourceTree = "<group>"; };
/* End PBXFileReference section */

/* Begin PBXFrameworksBuildPhase section */
		7478B4D324B6B7D600283176 /* Frameworks */ = {
			isa = PBXFrameworksBuildPhase;
			buildActionMask = 2147483647;
			files = (
				CC583596076B89F5A0081787 /* Pods_FirebaseCrashlyticsExample.framework in Frameworks */,
			);
			runOnlyForDeploymentPostprocessing = 0;
		};
/* End PBXFrameworksBuildPhase section */

/* Begin PBXGroup section */
		554A422E95EDF8A375036484 /* Frameworks */ = {
			isa = PBXGroup;
			children = (
				0B24C0B4825E0D531F797B73 /* Pods_FirebaseCrashlyticsExample.framework */,
			);
			name = Frameworks;
			sourceTree = "<group>";
		};
		7478B4CD24B6B7D600283176 = {
			isa = PBXGroup;
			children = (
				7478B4D824B6B7D600283176 /* FirebaseCrashlyticsExample */,
				7478B4D724B6B7D600283176 /* Products */,
				F56FC8EEDB11E3467C2C6DB3 /* Pods */,
				554A422E95EDF8A375036484 /* Frameworks */,
			);
			sourceTree = "<group>";
		};
		7478B4D724B6B7D600283176 /* Products */ = {
			isa = PBXGroup;
			children = (
				7478B4D624B6B7D600283176 /* FirebaseCrashlyticsExample.app */,
			);
			name = Products;
			sourceTree = "<group>";
		};
		7478B4D824B6B7D600283176 /* FirebaseCrashlyticsExample */ = {
			isa = PBXGroup;
			children = (
				7478B4D924B6B7D600283176 /* AppDelegate.swift */,
				7478B4DB24B6B7D600283176 /* SceneDelegate.swift */,
				7478B4DD24B6B7D600283176 /* ViewController.swift */,
				7478B4DF24B6B7D600283176 /* Main.storyboard */,
				7478B4E224B6B7D900283176 /* Assets.xcassets */,
				7478B4E424B6B7D900283176 /* LaunchScreen.storyboard */,
				7478B4E724B6B7D900283176 /* Info.plist */,
				7478B4ED24B6C1CE00283176 /* GoogleService-Info.plist */,
			);
			path = FirebaseCrashlyticsExample;
			sourceTree = "<group>";
		};
		F56FC8EEDB11E3467C2C6DB3 /* Pods */ = {
			isa = PBXGroup;
			children = (
				DA033A0A256FF49B80196DE3 /* Pods-FirebaseCrashlyticsExample.debug.xcconfig */,
				5223ECF856BDEB70A341E442 /* Pods-FirebaseCrashlyticsExample.release.xcconfig */,
			);
			path = Pods;
			sourceTree = "<group>";
		};
/* End PBXGroup section */

/* Begin PBXNativeTarget section */
		7478B4D524B6B7D600283176 /* FirebaseCrashlyticsExample */ = {
			isa = PBXNativeTarget;
			buildConfigurationList = 7478B4EA24B6B7D900283176 /* Build configuration list for PBXNativeTarget "FirebaseCrashlyticsExample" */;
			buildPhases = (
				A1150BD0AF8833E736E64D15 /* [CP] Check Pods Manifest.lock */,
				7478B4D224B6B7D600283176 /* Sources */,
				7478B4D324B6B7D600283176 /* Frameworks */,
				7478B4D424B6B7D600283176 /* Resources */,
				E028A93296266A27F0A34D9B /* [CP] Embed Pods Frameworks */,
				7478B4EF24B6C26000283176 /* Firebase Crashlytics */,
			);
			buildRules = (
			);
			dependencies = (
			);
			name = FirebaseCrashlyticsExample;
			productName = FirebaseCrashlyticsExample;
			productReference = 7478B4D624B6B7D600283176 /* FirebaseCrashlyticsExample.app */;
			productType = "com.apple.product-type.application";
		};
/* End PBXNativeTarget section */

/* Begin PBXProject section */
		7478B4CE24B6B7D600283176 /* Project object */ = {
			isa = PBXProject;
			attributes = {
				LastSwiftUpdateCheck = 1120;
				LastUpgradeCheck = 1120;
				ORGANIZATIONNAME = kojima.t;
				TargetAttributes = {
					7478B4D524B6B7D600283176 = {
						CreatedOnToolsVersion = 11.2.1;
					};
				};
			};
			buildConfigurationList = 7478B4D124B6B7D600283176 /* Build configuration list for PBXProject "FirebaseCrashlyticsExample" */;
			compatibilityVersion = "Xcode 9.3";
			developmentRegion = en;
			hasScannedForEncodings = 0;
			knownRegions = (
				en,
				Base,
			);
			mainGroup = 7478B4CD24B6B7D600283176;
			productRefGroup = 7478B4D724B6B7D600283176 /* Products */;
			projectDirPath = "";
			projectRoot = "";
			targets = (
				7478B4D524B6B7D600283176 /* FirebaseCrashlyticsExample */,
			);
		};
/* End PBXProject section */

/* Begin PBXResourcesBuildPhase section */
		7478B4D424B6B7D600283176 /* Resources */ = {
			isa = PBXResourcesBuildPhase;
			buildActionMask = 2147483647;
			files = (
				7478B4E624B6B7D900283176 /* LaunchScreen.storyboard in Resources */,
				7478B4E324B6B7D900283176 /* Assets.xcassets in Resources */,
				7478B4E124B6B7D600283176 /* Main.storyboard in Resources */,
				7478B4EE24B6C1CE00283176 /* GoogleService-Info.plist in Resources */,
			);
			runOnlyForDeploymentPostprocessing = 0;
		};
/* End PBXResourcesBuildPhase section */

/* Begin PBXShellScriptBuildPhase section */
		7478B4EF24B6C26000283176 /* Firebase Crashlytics */ = {
			isa = PBXShellScriptBuildPhase;
			buildActionMask = 2147483647;
			files = (
			);
			inputFileListPaths = (
			);
			inputPaths = (
				"$(SRCROOT)/$(BUILT_PRODUCTS_DIR)/$(INFOPLIST_PATH)",
			);
			name = "Firebase Crashlytics";
			outputFileListPaths = (
			);
			outputPaths = (
			);
			runOnlyForDeploymentPostprocessing = 0;
			shellPath = /bin/sh;
			shellScript = "\"${PODS_ROOT}/FirebaseCrashlytics/run\"\n";
		};
		A1150BD0AF8833E736E64D15 /* [CP] Check Pods Manifest.lock */ = {
			isa = PBXShellScriptBuildPhase;
			buildActionMask = 2147483647;
			files = (
			);
			inputFileListPaths = (
			);
			inputPaths = (
				"${PODS_PODFILE_DIR_PATH}/Podfile.lock",
				"${PODS_ROOT}/Manifest.lock",
			);
			name = "[CP] Check Pods Manifest.lock";
			outputFileListPaths = (
			);
			outputPaths = (
				"$(DERIVED_FILE_DIR)/Pods-FirebaseCrashlyticsExample-checkManifestLockResult.txt",
			);
			runOnlyForDeploymentPostprocessing = 0;
			shellPath = /bin/sh;
			shellScript = "diff \"${PODS_PODFILE_DIR_PATH}/Podfile.lock\" \"${PODS_ROOT}/Manifest.lock\" > /dev/null\nif [ $? != 0 ] ; then\n    # print error to STDERR\n    echo \"error: The sandbox is not in sync with the Podfile.lock. Run 'pod install' or update your CocoaPods installation.\" >&2\n    exit 1\nfi\n# This output is used by Xcode 'outputs' to avoid re-running this script phase.\necho \"SUCCESS\" > \"${SCRIPT_OUTPUT_FILE_0}\"\n";
			showEnvVarsInLog = 0;
		};
		E028A93296266A27F0A34D9B /* [CP] Embed Pods Frameworks */ = {
			isa = PBXShellScriptBuildPhase;
			buildActionMask = 2147483647;
			files = (
			);
			inputFileListPaths = (
				"${PODS_ROOT}/Target Support Files/Pods-FirebaseCrashlyticsExample/Pods-FirebaseCrashlyticsExample-frameworks-${CONFIGURATION}-input-files.xcfilelist",
			);
			name = "[CP] Embed Pods Frameworks";
			outputFileListPaths = (
				"${PODS_ROOT}/Target Support Files/Pods-FirebaseCrashlyticsExample/Pods-FirebaseCrashlyticsExample-frameworks-${CONFIGURATION}-output-files.xcfilelist",
			);
			runOnlyForDeploymentPostprocessing = 0;
			shellPath = /bin/sh;
			shellScript = "\"${PODS_ROOT}/Target Support Files/Pods-FirebaseCrashlyticsExample/Pods-FirebaseCrashlyticsExample-frameworks.sh\"\n";
			showEnvVarsInLog = 0;
		};
/* End PBXShellScriptBuildPhase section */

/* Begin PBXSourcesBuildPhase section */
		7478B4D224B6B7D600283176 /* Sources */ = {
			isa = PBXSourcesBuildPhase;
			buildActionMask = 2147483647;
			files = (
				7478B4DE24B6B7D600283176 /* ViewController.swift in Sources */,
				7478B4DA24B6B7D600283176 /* AppDelegate.swift in Sources */,
				7478B4DC24B6B7D600283176 /* SceneDelegate.swift in Sources */,
			);
			runOnlyForDeploymentPostprocessing = 0;
		};
/* End PBXSourcesBuildPhase section */

/* Begin PBXVariantGroup section */
		7478B4DF24B6B7D600283176 /* Main.storyboard */ = {
			isa = PBXVariantGroup;
			children = (
				7478B4E024B6B7D600283176 /* Base */,
			);
			name = Main.storyboard;
			sourceTree = "<group>";
		};
		7478B4E424B6B7D900283176 /* LaunchScreen.storyboard */ = {
			isa = PBXVariantGroup;
			children = (
				7478B4E524B6B7D900283176 /* Base */,
			);
			name = LaunchScreen.storyboard;
			sourceTree = "<group>";
		};
/* End PBXVariantGroup section */

/* Begin XCBuildConfiguration section */
		7478B4E824B6B7D900283176 /* Debug */ = {
			isa = XCBuildConfiguration;
			buildSettings = {
				ALWAYS_SEARCH_USER_PATHS = NO;
				CLANG_ANALYZER_NONNULL = YES;
				CLANG_ANALYZER_NUMBER_OBJECT_CONVERSION = YES_AGGRESSIVE;
				CLANG_CXX_LANGUAGE_STANDARD = "gnu++14";
				CLANG_CXX_LIBRARY = "libc++";
				CLANG_ENABLE_MODULES = YES;
				CLANG_ENABLE_OBJC_ARC = YES;
				CLANG_ENABLE_OBJC_WEAK = YES;
				CLANG_WARN_BLOCK_CAPTURE_AUTORELEASING = YES;
				CLANG_WARN_BOOL_CONVERSION = YES;
				CLANG_WARN_COMMA = YES;
				CLANG_WARN_CONSTANT_CONVERSION = YES;
				CLANG_WARN_DEPRECATED_OBJC_IMPLEMENTATIONS = YES;
				CLANG_WARN_DIRECT_OBJC_ISA_USAGE = YES_ERROR;
				CLANG_WARN_DOCUMENTATION_COMMENTS = YES;
				CLANG_WARN_EMPTY_BODY = YES;
				CLANG_WARN_ENUM_CONVERSION = YES;
				CLANG_WARN_INFINITE_RECURSION = YES;
				CLANG_WARN_INT_CONVERSION = YES;
				CLANG_WARN_NON_LITERAL_NULL_CONVERSION = YES;
				CLANG_WARN_OBJC_IMPLICIT_RETAIN_SELF = YES;
				CLANG_WARN_OBJC_LITERAL_CONVERSION = YES;
				CLANG_WARN_OBJC_ROOT_CLASS = YES_ERROR;
				CLANG_WARN_RANGE_LOOP_ANALYSIS = YES;
				CLANG_WARN_STRICT_PROTOTYPES = YES;
				CLANG_WARN_SUSPICIOUS_MOVE = YES;
				CLANG_WARN_UNGUARDED_AVAILABILITY = YES_AGGRESSIVE;
				CLANG_WARN_UNREACHABLE_CODE = YES;
				CLANG_WARN__DUPLICATE_METHOD_MATCH = YES;
				COPY_PHASE_STRIP = NO;
				DEBUG_INFORMATION_FORMAT = dwarf;
				ENABLE_STRICT_OBJC_MSGSEND = YES;
				ENABLE_TESTABILITY = YES;
				GCC_C_LANGUAGE_STANDARD = gnu11;
				GCC_DYNAMIC_NO_PIC = NO;
				GCC_NO_COMMON_BLOCKS = YES;
				GCC_OPTIMIZATION_LEVEL = 0;
				GCC_PREPROCESSOR_DEFINITIONS = (
					"DEBUG=1",
					"$(inherited)",
				);
				GCC_WARN_64_TO_32_BIT_CONVERSION = YES;
				GCC_WARN_ABOUT_RETURN_TYPE = YES_ERROR;
				GCC_WARN_UNDECLARED_SELECTOR = YES;
				GCC_WARN_UNINITIALIZED_AUTOS = YES_AGGRESSIVE;
				GCC_WARN_UNUSED_FUNCTION = YES;
				GCC_WARN_UNUSED_VARIABLE = YES;
				IPHONEOS_DEPLOYMENT_TARGET = 13.2;
				MTL_ENABLE_DEBUG_INFO = INCLUDE_SOURCE;
				MTL_FAST_MATH = YES;
				ONLY_ACTIVE_ARCH = YES;
				SDKROOT = iphoneos;
				SWIFT_ACTIVE_COMPILATION_CONDITIONS = DEBUG;
				SWIFT_OPTIMIZATION_LEVEL = "-Onone";
			};
			name = Debug;
		};
		7478B4E924B6B7D900283176 /* Release */ = {
			isa = XCBuildConfiguration;
			buildSettings = {
				ALWAYS_SEARCH_USER_PATHS = NO;
				CLANG_ANALYZER_NONNULL = YES;
				CLANG_ANALYZER_NUMBER_OBJECT_CONVERSION = YES_AGGRESSIVE;
				CLANG_CXX_LANGUAGE_STANDARD = "gnu++14";
				CLANG_CXX_LIBRARY = "libc++";
				CLANG_ENABLE_MODULES = YES;
				CLANG_ENABLE_OBJC_ARC = YES;
				CLANG_ENABLE_OBJC_WEAK = YES;
				CLANG_WARN_BLOCK_CAPTURE_AUTORELEASING = YES;
				CLANG_WARN_BOOL_CONVERSION = YES;
				CLANG_WARN_COMMA = YES;
				CLANG_WARN_CONSTANT_CONVERSION = YES;
				CLANG_WARN_DEPRECATED_OBJC_IMPLEMENTATIONS = YES;
				CLANG_WARN_DIRECT_OBJC_ISA_USAGE = YES_ERROR;
				CLANG_WARN_DOCUMENTATION_COMMENTS = YES;
				CLANG_WARN_EMPTY_BODY = YES;
				CLANG_WARN_ENUM_CONVERSION = YES;
				CLANG_WARN_INFINITE_RECURSION = YES;
				CLANG_WARN_INT_CONVERSION = YES;
				CLANG_WARN_NON_LITERAL_NULL_CONVERSION = YES;
				CLANG_WARN_OBJC_IMPLICIT_RETAIN_SELF = YES;
				CLANG_WARN_OBJC_LITERAL_CONVERSION = YES;
				CLANG_WARN_OBJC_ROOT_CLASS = YES_ERROR;
				CLANG_WARN_RANGE_LOOP_ANALYSIS = YES;
				CLANG_WARN_STRICT_PROTOTYPES = YES;
				CLANG_WARN_SUSPICIOUS_MOVE = YES;
				CLANG_WARN_UNGUARDED_AVAILABILITY = YES_AGGRESSIVE;
				CLANG_WARN_UNREACHABLE_CODE = YES;
				CLANG_WARN__DUPLICATE_METHOD_MATCH = YES;
				COPY_PHASE_STRIP = NO;
				DEBUG_INFORMATION_FORMAT = "dwarf-with-dsym";
				ENABLE_NS_ASSERTIONS = NO;
				ENABLE_STRICT_OBJC_MSGSEND = YES;
				GCC_C_LANGUAGE_STANDARD = gnu11;
				GCC_NO_COMMON_BLOCKS = YES;
				GCC_WARN_64_TO_32_BIT_CONVERSION = YES;
				GCC_WARN_ABOUT_RETURN_TYPE = YES_ERROR;
				GCC_WARN_UNDECLARED_SELECTOR = YES;
				GCC_WARN_UNINITIALIZED_AUTOS = YES_AGGRESSIVE;
				GCC_WARN_UNUSED_FUNCTION = YES;
				GCC_WARN_UNUSED_VARIABLE = YES;
				IPHONEOS_DEPLOYMENT_TARGET = 13.2;
				MTL_ENABLE_DEBUG_INFO = NO;
				MTL_FAST_MATH = YES;
				SDKROOT = iphoneos;
				SWIFT_COMPILATION_MODE = wholemodule;
				SWIFT_OPTIMIZATION_LEVEL = "-O";
				VALIDATE_PRODUCT = YES;
			};
			name = Release;
		};
		7478B4EB24B6B7D900283176 /* Debug */ = {
			isa = XCBuildConfiguration;
			baseConfigurationReference = DA033A0A256FF49B80196DE3 /* Pods-FirebaseCrashlyticsExample.debug.xcconfig */;
			buildSettings = {
				ASSETCATALOG_COMPILER_APPICON_NAME = AppIcon;
				CODE_SIGN_STYLE = Automatic;
				DEBUG_INFORMATION_FORMAT = "dwarf-with-dsym";
				DEVELOPMENT_TEAM = 279QG3TPXV;
				INFOPLIST_FILE = FirebaseCrashlyticsExample/Info.plist;
				LD_RUNPATH_SEARCH_PATHS = (
					"$(inherited)",
					"@executable_path/Frameworks",
				);
				PRODUCT_BUNDLE_IDENTIFIER = kojikoji.FirebaseCrashlyticsExample;
				PRODUCT_NAME = "$(TARGET_NAME)";
				SWIFT_VERSION = 5.0;
				TARGETED_DEVICE_FAMILY = "1,2";
			};
			name = Debug;
		};
		7478B4EC24B6B7D900283176 /* Release */ = {
			isa = XCBuildConfiguration;
			baseConfigurationReference = 5223ECF856BDEB70A341E442 /* Pods-FirebaseCrashlyticsExample.release.xcconfig */;
			buildSettings = {
				ASSETCATALOG_COMPILER_APPICON_NAME = AppIcon;
				CODE_SIGN_STYLE = Automatic;
				DEBUG_INFORMATION_FORMAT = "dwarf-with-dsym";
				DEVELOPMENT_TEAM = 279QG3TPXV;
				INFOPLIST_FILE = FirebaseCrashlyticsExample/Info.plist;
				LD_RUNPATH_SEARCH_PATHS = (
					"$(inherited)",
					"@executable_path/Frameworks",
				);
				PRODUCT_BUNDLE_IDENTIFIER = kojikoji.FirebaseCrashlyticsExample;
				PRODUCT_NAME = "$(TARGET_NAME)";
				SWIFT_VERSION = 5.0;
				TARGETED_DEVICE_FAMILY = "1,2";
			};
			name = Release;
		};
/* End XCBuildConfiguration section */

/* Begin XCConfigurationList section */
		7478B4D124B6B7D600283176 /* Build configuration list for PBXProject "FirebaseCrashlyticsExample" */ = {
			isa = XCConfigurationList;
			buildConfigurations = (
				7478B4E824B6B7D900283176 /* Debug */,
				7478B4E924B6B7D900283176 /* Release */,
			);
			defaultConfigurationIsVisible = 0;
			defaultConfigurationName = Release;
		};
		7478B4EA24B6B7D900283176 /* Build configuration list for PBXNativeTarget "FirebaseCrashlyticsExample" */ = {
			isa = XCConfigurationList;
			buildConfigurations = (
				7478B4EB24B6B7D900283176 /* Debug */,
				7478B4EC24B6B7D900283176 /* Release */,
			);
			defaultConfigurationIsVisible = 0;
			defaultConfigurationName = Release;
		};
/* End XCConfigurationList section */
	};
	rootObject = 7478B4CE24B6B7D600283176 /* Project object */;
}
